
Microsoft Visual Studio Solution File, Format Version 12.00
# Visual Studio Version 16
VisualStudioVersion = 16.0.31205.134
MinimumVisualStudioVersion = 10.0.40219.1
Project("{FAE04EC0-301F-11D3-BF4B-00C04F79EFBC}") = "StudentsWebAPI", "StudentsWebAPI\StudentsWebAPI.csproj", "{082643B5-064F-4BC2-ACBF-53E1CA497062}"
EndProject
Global
	GlobalSection(SolutionConfigurationPlatforms) = preSolution
		Debug|Any CPU = Debug|Any CPU
		Release|Any CPU = Release|Any CPU
	EndGlobalSection
	GlobalSection(ProjectConfigurationPlatforms) = postSolution
		{082643B5-064F-4BC2-ACBF-53E1CA497062}.Debug|Any CPU.ActiveCfg = Debug|Any CPU
		{082643B5-064F-4BC2-ACBF-53E1CA497062}.Debug|Any CPU.Build.0 = Debug|Any CPU
		{082643B5-064F-4BC2-ACBF-53E1CA497062}.Release|Any CPU.ActiveCfg = Release|Any CPU
		{082643B5-064F-4BC2-ACBF-53E1CA497062}.Release|Any CPU.Build.0 = Release|Any CPU
	EndGlobalSection
	GlobalSection(SolutionProperties) = preSolution
		HideSolutionNode = FALSE
	EndGlobalSection
	GlobalSection(ExtensibilityGlobals) = postSolution
		SolutionGuid = {D7E8C78B-9CEC-47E7-8AB9-1A77E0707542}
	EndGlobalSection
EndGlobal
